
Microsoft Visual Studio Solution File, Format Version 12.00
# Visual Studio Version 16
VisualStudioVersion = 16.0.30717.126
MinimumVisualStudioVersion = 10.0.40219.1
Project("{9A19103F-16F7-4668-BE54-9A1E7A4F7556}") = "WebApplication1", "WebApplication1\WebApplication1.csproj", "{BA82E5C8-E62B-48DC-813A-52606DE6A20F}"
EndProject
Project("{FAE04EC0-301F-11D3-BF4B-00C04F79EFBC}") = "FSE.CounsumeAPI", "FSE.CounsumeAPI\FSE.CounsumeAPI.csproj", "{270B873D-0475-49D4-A078-852B432C93C5}"
EndProject
Global
	GlobalSection(SolutionConfigurationPlatforms) = preSolution
		Debug|Any CPU = Debug|Any CPU
		Release|Any CPU = Release|Any CPU
	EndGlobalSection
	GlobalSection(ProjectConfigurationPlatforms) = postSolution
		{BA82E5C8-E62B-48DC-813A-52606DE6A20F}.Debug|Any CPU.ActiveCfg = Debug|Any CPU
		{BA82E5C8-E62B-48DC-813A-52606DE6A20F}.Debug|Any CPU.Build.0 = Debug|Any CPU
		{BA82E5C8-E62B-48DC-813A-52606DE6A20F}.Release|Any CPU.ActiveCfg = Release|Any CPU
		{BA82E5C8-E62B-48DC-813A-52606DE6A20F}.Release|Any CPU.Build.0 = Release|Any CPU
		{270B873D-0475-49D4-A078-852B432C93C5}.Debug|Any CPU.ActiveCfg = Debug|Any CPU
		{270B873D-0475-49D4-A078-852B432C93C5}.Debug|Any CPU.Build.0 = Debug|Any CPU
		{270B873D-0475-49D4-A078-852B432C93C5}.Release|Any CPU.ActiveCfg = Release|Any CPU
		{270B873D-0475-49D4-A078-852B432C93C5}.Release|Any CPU.Build.0 = Release|Any CPU
	EndGlobalSection
	GlobalSection(SolutionProperties) = preSolution
		HideSolutionNode = FALSE
	EndGlobalSection
	GlobalSection(ExtensibilityGlobals) = postSolution
		SolutionGuid = {E5DF8903-9D33-4B4E-8053-921104BBE6E3}
	EndGlobalSection
EndGlobal
